
Microsoft Visual Studio Solution File, Format Version 12.00
# Visual Studio Version 17
VisualStudioVersion = 17.6.33815.320
MinimumVisualStudioVersion = 10.0.40219.1
Project("{FAE04EC0-301F-11D3-BF4B-00C04F79EFBC}") = "TestMonogameProject", "TestMonogameProject\TestMonogameProject.csproj", "{28734DEC-5988-44CF-9156-077E7C341E3C}"
EndProject
Global
	GlobalSection(SolutionConfigurationPlatforms) = preSolution
		Debug|Any CPU = Debug|Any CPU
		Release|Any CPU = Release|Any CPU
	EndGlobalSection
	GlobalSection(ProjectConfigurationPlatforms) = postSolution
		{28734DEC-5988-44CF-9156-077E7C341E3C}.Debug|Any CPU.ActiveCfg = Debug|Any CPU
		{28734DEC-5988-44CF-9156-077E7C341E3C}.Debug|Any CPU.Build.0 = Debug|Any CPU
		{28734DEC-5988-44CF-9156-077E7C341E3C}.Release|Any CPU.ActiveCfg = Release|Any CPU
		{28734DEC-5988-44CF-9156-077E7C341E3C}.Release|Any CPU.Build.0 = Release|Any CPU
	EndGlobalSection
	GlobalSection(SolutionProperties) = preSolution
		HideSolutionNode = FALSE
	EndGlobalSection
	GlobalSection(ExtensibilityGlobals) = postSolution
		SolutionGuid = {0049EE1A-CE79-4D43-864A-ABC14061D03B}
	EndGlobalSection
EndGlobal
